
Microsoft Visual Studio Solution File, Format Version 12.00
# Visual Studio Version 17
VisualStudioVersion = 17.0.31903.59
MinimumVisualStudioVersion = 10.0.40219.1
Project("{2150E333-8FDC-42A3-9474-1A3956D46DE8}") = "src", "src", "{4AE9FFFB-0907-4F0C-B899-9D0E8C7867AB}"
EndProject
Project("{FAE04EC0-301F-11D3-BF4B-00C04F79EFBC}") = "com.telstra.messaging", "src\com.telstra.messaging\com.telstra.messaging.csproj", "{7A485D8B-448D-4278-BF65-AD41605CA740}"
EndProject
Project("{FAE04EC0-301F-11D3-BF4B-00C04F79EFBC}") = "com.telstra.messaging.test", "src\com.telstra.messaging.test\com.telstra.messaging.test.csproj", "{32FD5D03-C8CA-4609-A015-1A48CC226F37}"
EndProject
Project("{FAE04EC0-301F-11D3-BF4B-00C04F79EFBC}") = "com.telstra.messaging.examples", "src\com.telstra.messaging.examples\com.telstra.messaging.examples.csproj", "{34075D0D-4E1B-48A6-92E9-40849FFBD604}"
EndProject
Global
	GlobalSection(SolutionConfigurationPlatforms) = preSolution
		Debug|Any CPU = Debug|Any CPU
		Release|Any CPU = Release|Any CPU
	EndGlobalSection
	GlobalSection(SolutionProperties) = preSolution
		HideSolutionNode = FALSE
	EndGlobalSection
	GlobalSection(ProjectConfigurationPlatforms) = postSolution
		{7A485D8B-448D-4278-BF65-AD41605CA740}.Debug|Any CPU.ActiveCfg = Debug|Any CPU
		{7A485D8B-448D-4278-BF65-AD41605CA740}.Debug|Any CPU.Build.0 = Debug|Any CPU
		{7A485D8B-448D-4278-BF65-AD41605CA740}.Release|Any CPU.ActiveCfg = Release|Any CPU
		{7A485D8B-448D-4278-BF65-AD41605CA740}.Release|Any CPU.Build.0 = Release|Any CPU
		{32FD5D03-C8CA-4609-A015-1A48CC226F37}.Debug|Any CPU.ActiveCfg = Debug|Any CPU
		{32FD5D03-C8CA-4609-A015-1A48CC226F37}.Debug|Any CPU.Build.0 = Debug|Any CPU
		{32FD5D03-C8CA-4609-A015-1A48CC226F37}.Release|Any CPU.ActiveCfg = Release|Any CPU
		{32FD5D03-C8CA-4609-A015-1A48CC226F37}.Release|Any CPU.Build.0 = Release|Any CPU
		{34075D0D-4E1B-48A6-92E9-40849FFBD604}.Debug|Any CPU.ActiveCfg = Debug|Any CPU
		{34075D0D-4E1B-48A6-92E9-40849FFBD604}.Debug|Any CPU.Build.0 = Debug|Any CPU
		{34075D0D-4E1B-48A6-92E9-40849FFBD604}.Release|Any CPU.ActiveCfg = Release|Any CPU
		{34075D0D-4E1B-48A6-92E9-40849FFBD604}.Release|Any CPU.Build.0 = Release|Any CPU
	EndGlobalSection
	GlobalSection(NestedProjects) = preSolution
		{7A485D8B-448D-4278-BF65-AD41605CA740} = {4AE9FFFB-0907-4F0C-B899-9D0E8C7867AB}
		{32FD5D03-C8CA-4609-A015-1A48CC226F37} = {4AE9FFFB-0907-4F0C-B899-9D0E8C7867AB}
		{34075D0D-4E1B-48A6-92E9-40849FFBD604} = {4AE9FFFB-0907-4F0C-B899-9D0E8C7867AB}
	EndGlobalSection
EndGlobal
